<?xml version="1.0" encoding="utf-8"?>
<Project ToolsVersion="4.0" xmlns="http://schemas.microsoft.com/developer/msbuild/2003">
  <ItemGroup>
    <Filter Include="Resource Files">
      <UniqueIdentifier>{67DA6AB6-F800-4c08-8B7A-83BB121AAD01}</UniqueIdentifier>
      <Extensions>rc;ico;cur;bmp;dlg;rc2;rct;bin;rgs;gif;jpg;jpeg;jpe;resx;tiff;tif;png;wav;mfcribbon-ms</Extensions>
    </Filter>
  </ItemGroup>
  <ItemGroup>
    <ClCompile Include="..\AnimatedImage.cpp" />
    <ClCompile Include="..\EditBox.cpp" />
    <ClCompile Include="..\Engine.cpp" />
    <ClCompile Include="..\Font.cpp" />
    <ClCompile Include="..\Image.cpp" />
    <ClCompile Include="..\ImageGenerators.cpp" />
    <ClCompile Include="..\Label.cpp" />
    <ClCompile Include="..\Layout.cpp" />
    <ClCompile Include="..\ListBox.cpp" />
    <ClCompile Include="..\Scaler.cpp" />
    <ClCompile Include="..\Screen.cpp" />
    <ClCompile Include="..\Widget.cpp" />
    <ClCompile Include="..\WidgetSkin.cpp" />
  </ItemGroup>
  <ItemGroup>
    <ClInclude Include="..\AnimatedImage.h" />
    <ClInclude Include="..\EditBox.h" />
    <ClInclude Include="..\Engine.h" />
    <ClInclude Include="..\Font.h" />
    <ClInclude Include="..\Image.h" />
    <ClInclude Include="..\ImageGenerators.h" />
    <ClInclude Include="..\InputManager.h" />
    <ClInclude Include="..\Label.h" />
    <ClInclude Include="..\Layout.h" />
    <ClInclude Include="..\ListBox.h" />
    <ClInclude Include="..\Scaler.h" />
    <ClInclude Include="..\Screen.h" />
    <ClInclude Include="..\Widget.h" />
    <ClInclude Include="..\WidgetSkin.h" />
  </ItemGroup>
</Project>