// !$*UTF8*$!
{
	archiveVersion = 1;
	classes = {
	};
	objectVersion = 45;
	objects = {

/* Begin PBXBuildFile section */
		1D60589B0D05DD56006BFB54 /* main.m in Sources */ = {isa = PBXBuildFile; fileRef = 29B97316FDCFA39411CA2CEA /* main.m */; };
		1D60589F0D05DD5A006BFB54 /* Foundation.framework in Frameworks */ = {isa = PBXBuildFile; fileRef = 1D30AB110D05D00D00671497 /* Foundation.framework */; };
		1DF5F4E00D08C38300B7A737 /* UIKit.framework in Frameworks */ = {isa = PBXBuildFile; fileRef = 1DF5F4DF0D08C38300B7A737 /* UIKit.framework */; };
		288765FD0DF74451002DB57D /* CoreGraphics.framework in Frameworks */ = {isa = PBXBuildFile; fileRef = 288765FC0DF74451002DB57D /* CoreGraphics.framework */; };
		85314FEF12AD31CB00052736 /* ImageWidget.mm in Sources */ = {isa = PBXBuildFile; fileRef = 85314FDE12AD31CB00052736 /* ImageWidget.mm */; };
		85314FF012AD31CB00052736 /* IWidget.mm in Sources */ = {isa = PBXBuildFile; fileRef = 85314FE012AD31CB00052736 /* IWidget.mm */; };
		85314FF112AD31CB00052736 /* LabelWidget.mm in Sources */ = {isa = PBXBuildFile; fileRef = 85314FE212AD31CB00052736 /* LabelWidget.mm */; };
		85314FF212AD31CB00052736 /* ReflectionWidget.mm in Sources */ = {isa = PBXBuildFile; fileRef = 85314FE412AD31CB00052736 /* ReflectionWidget.mm */; };
		85314FF312AD31CB00052736 /* ScreenWidget.mm in Sources */ = {isa = PBXBuildFile; fileRef = 85314FE612AD31CB00052736 /* ScreenWidget.mm */; };
		85374F6012AFC05F0037C888 /* TabScreenWidget.mm in Sources */ = {isa = PBXBuildFile; fileRef = 85374F5F12AFC05F0037C888 /* TabScreenWidget.mm */; };
		8537500A12AFC9AD0037C888 /* NavScreenWidget.mm in Sources */ = {isa = PBXBuildFile; fileRef = 8537500912AFC9AD0037C888 /* NavScreenWidget.mm */; };
		8565795A12A510A700A7D535 /* UIColor-Expanded.m in Sources */ = {isa = PBXBuildFile; fileRef = 8565795912A510A700A7D535 /* UIColor-Expanded.m */; };
		85774F17129FB70D00F8BAA2 /* MoSyncUI.mm in Sources */ = {isa = PBXBuildFile; fileRef = 85774F16129FB70D00F8BAA2 /* MoSyncUI.mm */; };
		857FB0A612A924E10018C523 /* AbstractLayoutView.m in Sources */ = {isa = PBXBuildFile; fileRef = 857FB0A012A924E10018C523 /* AbstractLayoutView.m */; };
		857FB0A712A924E10018C523 /* HLayoutView.m in Sources */ = {isa = PBXBuildFile; fileRef = 857FB0A212A924E10018C523 /* HLayoutView.m */; };
		857FB0A812A924E10018C523 /* VLayoutView.m in Sources */ = {isa = PBXBuildFile; fileRef = 857FB0A512A924E10018C523 /* VLayoutView.m */; };
		8582679412A403EF0047D42D /* MoSyncTableViewCell.m in Sources */ = {isa = PBXBuildFile; fileRef = 8582679312A403EF0047D42D /* MoSyncTableViewCell.m */; };
		858A78B7129E9A50005EACA7 /* MoSyncTableView.m in Sources */ = {isa = PBXBuildFile; fileRef = 858A78B6129E9A50005EACA7 /* MoSyncTableView.m */; };
		85B7668712AE858B005CE2A6 /* ScreenWidgetController.m in Sources */ = {isa = PBXBuildFile; fileRef = 85B7668612AE858B005CE2A6 /* ScreenWidgetController.m */; };
		85D26CF312B7800500FBA308 /* ButtonWidget.mm in Sources */ = {isa = PBXBuildFile; fileRef = 85D26CEA12B7800500FBA308 /* ButtonWidget.mm */; };
		85D26CF412B7800500FBA308 /* HorizontalLayoutWidget.mm in Sources */ = {isa = PBXBuildFile; fileRef = 85D26CEB12B7800500FBA308 /* HorizontalLayoutWidget.mm */; };
		85D26CF612B7800500FBA308 /* ListViewWidget.mm in Sources */ = {isa = PBXBuildFile; fileRef = 85D26CEF12B7800500FBA308 /* ListViewWidget.mm */; };
		85D26CF712B7800500FBA308 /* VerticalLayoutWidget.mm in Sources */ = {isa = PBXBuildFile; fileRef = 85D26CF012B7800500FBA308 /* VerticalLayoutWidget.mm */; };
		85D26CF812B7800500FBA308 /* WebViewWidget.mm in Sources */ = {isa = PBXBuildFile; fileRef = 85D26CF212B7800500FBA308 /* WebViewWidget.mm */; };
		85D26D1112B7822F00FBA308 /* NSObjectExpanded.m in Sources */ = {isa = PBXBuildFile; fileRef = 85D26D1012B7822F00FBA308 /* NSObjectExpanded.m */; };
		85D26E2A12B7C90300FBA308 /* ListViewItemWidget.mm in Sources */ = {isa = PBXBuildFile; fileRef = 85D26E2912B7C90300FBA308 /* ListViewItemWidget.mm */; };
		85E276E112B10B1000ABEDF3 /* MoSyncUISyscalls.mm in Sources */ = {isa = PBXBuildFile; fileRef = 85E276E012B10B1000ABEDF3 /* MoSyncUISyscalls.mm */; };
		85E276E712B10BF600ABEDF3 /* nativeuitestAppDelegate.mm in Sources */ = {isa = PBXBuildFile; fileRef = 85E276E612B10BF600ABEDF3 /* nativeuitestAppDelegate.mm */; };
/* End PBXBuildFile section */

/* Begin PBXFileReference section */
		1D30AB110D05D00D00671497 /* Foundation.framework */ = {isa = PBXFileReference; lastKnownFileType = wrapper.framework; name = Foundation.framework; path = System/Library/Frameworks/Foundation.framework; sourceTree = SDKROOT; };
		1D3623240D0F684500981E51 /* nativeuitestAppDelegate.h */ = {isa = PBXFileReference; fileEncoding = 4; lastKnownFileType = sourcecode.c.h; path = nativeuitestAppDelegate.h; sourceTree = "<group>"; };
		1D6058910D05DD3D006BFB54 /* nativeuitest.app */ = {isa = PBXFileReference; explicitFileType = wrapper.application; includeInIndex = 0; path = nativeuitest.app; sourceTree = BUILT_PRODUCTS_DIR; };
		1DF5F4DF0D08C38300B7A737 /* UIKit.framework */ = {isa = PBXFileReference; lastKnownFileType = wrapper.framework; name = UIKit.framework; path = System/Library/Frameworks/UIKit.framework; sourceTree = SDKROOT; };
		288765FC0DF74451002DB57D /* CoreGraphics.framework */ = {isa = PBXFileReference; lastKnownFileType = wrapper.framework; name = CoreGraphics.framework; path = System/Library/Frameworks/CoreGraphics.framework; sourceTree = SDKROOT; };
		29B97316FDCFA39411CA2CEA /* main.m */ = {isa = PBXFileReference; fileEncoding = 4; lastKnownFileType = sourcecode.c.objc; path = main.m; sourceTree = "<group>"; };
		32CA4F630368D1EE00C91783 /* nativeuitest_Prefix.pch */ = {isa = PBXFileReference; fileEncoding = 4; lastKnownFileType = sourcecode.c.h; path = nativeuitest_Prefix.pch; sourceTree = "<group>"; };
		85314FD912AD31CB00052736 /* ButtonWidget.h */ = {isa = PBXFileReference; fileEncoding = 4; lastKnownFileType = sourcecode.c.h; name = ButtonWidget.h; path = Widgets/ButtonWidget.h; sourceTree = "<group>"; };
		85314FDB12AD31CB00052736 /* HorizontalLayoutWidget.h */ = {isa = PBXFileReference; fileEncoding = 4; lastKnownFileType = sourcecode.c.h; name = HorizontalLayoutWidget.h; path = Widgets/HorizontalLayoutWidget.h; sourceTree = "<group>"; };
		85314FDD12AD31CB00052736 /* ImageWidget.h */ = {isa = PBXFileReference; fileEncoding = 4; lastKnownFileType = sourcecode.c.h; name = ImageWidget.h; path = Widgets/ImageWidget.h; sourceTree = "<group>"; };
		85314FDE12AD31CB00052736 /* ImageWidget.mm */ = {isa = PBXFileReference; fileEncoding = 4; lastKnownFileType = sourcecode.cpp.objcpp; name = ImageWidget.mm; path = Widgets/ImageWidget.mm; sourceTree = "<group>"; };
		85314FDF12AD31CB00052736 /* IWidget.h */ = {isa = PBXFileReference; fileEncoding = 4; lastKnownFileType = sourcecode.c.h; name = IWidget.h; path = Widgets/IWidget.h; sourceTree = "<group>"; };
		85314FE012AD31CB00052736 /* IWidget.mm */ = {isa = PBXFileReference; fileEncoding = 4; lastKnownFileType = sourcecode.cpp.objcpp; name = IWidget.mm; path = Widgets/IWidget.mm; sourceTree = "<group>"; };
		85314FE112AD31CB00052736 /* LabelWidget.h */ = {isa = PBXFileReference; fileEncoding = 4; lastKnownFileType = sourcecode.c.h; name = LabelWidget.h; path = Widgets/LabelWidget.h; sourceTree = "<group>"; };
		85314FE212AD31CB00052736 /* LabelWidget.mm */ = {isa = PBXFileReference; fileEncoding = 4; lastKnownFileType = sourcecode.cpp.objcpp; name = LabelWidget.mm; path = Widgets/LabelWidget.mm; sourceTree = "<group>"; };
		85314FE312AD31CB00052736 /* ReflectionWidget.h */ = {isa = PBXFileReference; fileEncoding = 4; lastKnownFileType = sourcecode.c.h; name = ReflectionWidget.h; path = Widgets/ReflectionWidget.h; sourceTree = "<group>"; };
		85314FE412AD31CB00052736 /* ReflectionWidget.mm */ = {isa = PBXFileReference; fileEncoding = 4; lastKnownFileType = sourcecode.cpp.objcpp; name = ReflectionWidget.mm; path = Widgets/ReflectionWidget.mm; sourceTree = "<group>"; };
		85314FE512AD31CB00052736 /* ScreenWidget.h */ = {isa = PBXFileReference; fileEncoding = 4; lastKnownFileType = sourcecode.c.h; name = ScreenWidget.h; path = Widgets/ScreenWidget.h; sourceTree = "<group>"; };
		85314FE612AD31CB00052736 /* ScreenWidget.mm */ = {isa = PBXFileReference; fileEncoding = 4; lastKnownFileType = sourcecode.cpp.objcpp; name = ScreenWidget.mm; path = Widgets/ScreenWidget.mm; sourceTree = "<group>"; };
		85314FEB12AD31CB00052736 /* VerticalLayoutWidget.h */ = {isa = PBXFileReference; fileEncoding = 4; lastKnownFileType = sourcecode.c.h; name = VerticalLayoutWidget.h; path = Widgets/VerticalLayoutWidget.h; sourceTree = "<group>"; };
		85374F5E12AFC05F0037C888 /* TabScreenWidget.h */ = {isa = PBXFileReference; fileEncoding = 4; lastKnownFileType = sourcecode.c.h; name = TabScreenWidget.h; path = Widgets/TabScreenWidget.h; sourceTree = "<group>"; };
		85374F5F12AFC05F0037C888 /* TabScreenWidget.mm */ = {isa = PBXFileReference; fileEncoding = 4; lastKnownFileType = sourcecode.cpp.objcpp; name = TabScreenWidget.mm; path = Widgets/TabScreenWidget.mm; sourceTree = "<group>"; };
		8537500812AFC9AD0037C888 /* NavScreenWidget.h */ = {isa = PBXFileReference; fileEncoding = 4; lastKnownFileType = sourcecode.c.h; name = NavScreenWidget.h; path = Widgets/NavScreenWidget.h; sourceTree = "<group>"; };
		8537500912AFC9AD0037C888 /* NavScreenWidget.mm */ = {isa = PBXFileReference; fileEncoding = 4; lastKnownFileType = sourcecode.cpp.objcpp; name = NavScreenWidget.mm; path = Widgets/NavScreenWidget.mm; sourceTree = "<group>"; };
		8565795812A510A700A7D535 /* UIColor-Expanded.h */ = {isa = PBXFileReference; fileEncoding = 4; lastKnownFileType = sourcecode.c.h; path = "UIColor-Expanded.h"; sourceTree = "<group>"; };
		8565795912A510A700A7D535 /* UIColor-Expanded.m */ = {isa = PBXFileReference; fileEncoding = 4; lastKnownFileType = sourcecode.c.objc; path = "UIColor-Expanded.m"; sourceTree = "<group>"; };
		85774F15129FB70D00F8BAA2 /* MoSyncUI.h */ = {isa = PBXFileReference; fileEncoding = 4; lastKnownFileType = sourcecode.c.h; path = MoSyncUI.h; sourceTree = "<group>"; };
		85774F16129FB70D00F8BAA2 /* MoSyncUI.mm */ = {isa = PBXFileReference; fileEncoding = 4; lastKnownFileType = sourcecode.cpp.objcpp; path = MoSyncUI.mm; sourceTree = "<group>"; };
		85775036129FE39600F8BAA2 /* MoSyncUISyscalls.h */ = {isa = PBXFileReference; fileEncoding = 4; lastKnownFileType = sourcecode.c.h; path = MoSyncUISyscalls.h; sourceTree = "<group>"; };
		857FB09F12A924E10018C523 /* AbstractLayoutView.h */ = {isa = PBXFileReference; fileEncoding = 4; lastKnownFileType = sourcecode.c.h; name = AbstractLayoutView.h; path = LayoutManagers/AbstractLayoutView.h; sourceTree = "<group>"; };
		857FB0A012A924E10018C523 /* AbstractLayoutView.m */ = {isa = PBXFileReference; fileEncoding = 4; lastKnownFileType = sourcecode.c.objc; name = AbstractLayoutView.m; path = LayoutManagers/AbstractLayoutView.m; sourceTree = "<group>"; };
		857FB0A112A924E10018C523 /* HLayoutView.h */ = {isa = PBXFileReference; fileEncoding = 4; lastKnownFileType = sourcecode.c.h; name = HLayoutView.h; path = LayoutManagers/HLayoutView.h; sourceTree = "<group>"; };
		857FB0A212A924E10018C523 /* HLayoutView.m */ = {isa = PBXFileReference; fileEncoding = 4; lastKnownFileType = sourcecode.c.objc; name = HLayoutView.m; path = LayoutManagers/HLayoutView.m; sourceTree = "<group>"; };
		857FB0A312A924E10018C523 /* LayoutManagers.h */ = {isa = PBXFileReference; fileEncoding = 4; lastKnownFileType = sourcecode.c.h; name = LayoutManagers.h; path = LayoutManagers/LayoutManagers.h; sourceTree = "<group>"; };
		857FB0A412A924E10018C523 /* VLayoutView.h */ = {isa = PBXFileReference; fileEncoding = 4; lastKnownFileType = sourcecode.c.h; name = VLayoutView.h; path = LayoutManagers/VLayoutView.h; sourceTree = "<group>"; };
		857FB0A512A924E10018C523 /* VLayoutView.m */ = {isa = PBXFileReference; fileEncoding = 4; lastKnownFileType = sourcecode.c.objc; name = VLayoutView.m; path = LayoutManagers/VLayoutView.m; sourceTree = "<group>"; };
		8582679212A403EF0047D42D /* MoSyncTableViewCell.h */ = {isa = PBXFileReference; fileEncoding = 4; lastKnownFileType = sourcecode.c.h; path = MoSyncTableViewCell.h; sourceTree = "<group>"; };
		8582679312A403EF0047D42D /* MoSyncTableViewCell.m */ = {isa = PBXFileReference; fileEncoding = 4; lastKnownFileType = sourcecode.c.objc; path = MoSyncTableViewCell.m; sourceTree = "<group>"; };
		858A78B5129E9A50005EACA7 /* MoSyncTableView.h */ = {isa = PBXFileReference; fileEncoding = 4; lastKnownFileType = sourcecode.c.h; path = MoSyncTableView.h; sourceTree = "<group>"; };
		858A78B6129E9A50005EACA7 /* MoSyncTableView.m */ = {isa = PBXFileReference; fileEncoding = 4; lastKnownFileType = sourcecode.c.objc; path = MoSyncTableView.m; sourceTree = "<group>"; };
		85B7668512AE858B005CE2A6 /* ScreenWidgetController.h */ = {isa = PBXFileReference; fileEncoding = 4; lastKnownFileType = sourcecode.c.h; path = ScreenWidgetController.h; sourceTree = "<group>"; };
		85B7668612AE858B005CE2A6 /* ScreenWidgetController.m */ = {isa = PBXFileReference; fileEncoding = 4; lastKnownFileType = sourcecode.c.objc; path = ScreenWidgetController.m; sourceTree = "<group>"; };
		85D26CEA12B7800500FBA308 /* ButtonWidget.mm */ = {isa = PBXFileReference; fileEncoding = 4; lastKnownFileType = sourcecode.cpp.objcpp; name = ButtonWidget.mm; path = Widgets/ButtonWidget.mm; sourceTree = "<group>"; };
		85D26CEB12B7800500FBA308 /* HorizontalLayoutWidget.mm */ = {isa = PBXFileReference; fileEncoding = 4; lastKnownFileType = sourcecode.cpp.objcpp; name = HorizontalLayoutWidget.mm; path = Widgets/HorizontalLayoutWidget.mm; sourceTree = "<group>"; };
		85D26CEE12B7800500FBA308 /* ListViewWidget.h */ = {isa = PBXFileReference; fileEncoding = 4; lastKnownFileType = sourcecode.c.h; name = ListViewWidget.h; path = Widgets/ListViewWidget.h; sourceTree = "<group>"; };
		85D26CEF12B7800500FBA308 /* ListViewWidget.mm */ = {isa = PBXFileReference; fileEncoding = 4; lastKnownFileType = sourcecode.cpp.objcpp; name = ListViewWidget.mm; path = Widgets/ListViewWidget.mm; sourceTree = "<group>"; };
		85D26CF012B7800500FBA308 /* VerticalLayoutWidget.mm */ = {isa = PBXFileReference; fileEncoding = 4; lastKnownFileType = sourcecode.cpp.objcpp; name = VerticalLayoutWidget.mm; path = Widgets/VerticalLayoutWidget.mm; sourceTree = "<group>"; };
		85D26CF112B7800500FBA308 /* WebViewWidget.h */ = {isa = PBXFileReference; fileEncoding = 4; lastKnownFileType = sourcecode.c.h; name = WebViewWidget.h; path = Widgets/WebViewWidget.h; sourceTree = "<group>"; };
		85D26CF212B7800500FBA308 /* WebViewWidget.mm */ = {isa = PBXFileReference; fileEncoding = 4; lastKnownFileType = sourcecode.cpp.objcpp; name = WebViewWidget.mm; path = Widgets/WebViewWidget.mm; sourceTree = "<group>"; };
		85D26D0F12B7822F00FBA308 /* NSObjectExpanded.h */ = {isa = PBXFileReference; fileEncoding = 4; lastKnownFileType = sourcecode.c.h; name = NSObjectExpanded.h; path = ../../../runtimes/cpp/platforms/iphone/Classes/NSObjectExpanded.h; sourceTree = SOURCE_ROOT; };
		85D26D1012B7822F00FBA308 /* NSObjectExpanded.m */ = {isa = PBXFileReference; fileEncoding = 4; lastKnownFileType = sourcecode.c.objc; name = NSObjectExpanded.m; path = ../../../runtimes/cpp/platforms/iphone/Classes/NSObjectExpanded.m; sourceTree = SOURCE_ROOT; };
		85D26E2812B7C90300FBA308 /* ListViewItemWidget.h */ = {isa = PBXFileReference; fileEncoding = 4; lastKnownFileType = sourcecode.c.h; name = ListViewItemWidget.h; path = Widgets/ListViewItemWidget.h; sourceTree = "<group>"; };
		85D26E2912B7C90300FBA308 /* ListViewItemWidget.mm */ = {isa = PBXFileReference; fileEncoding = 4; lastKnownFileType = sourcecode.cpp.objcpp; name = ListViewItemWidget.mm; path = Widgets/ListViewItemWidget.mm; sourceTree = "<group>"; };
		85E276E012B10B1000ABEDF3 /* MoSyncUISyscalls.mm */ = {isa = PBXFileReference; fileEncoding = 4; lastKnownFileType = sourcecode.cpp.objcpp; path = MoSyncUISyscalls.mm; sourceTree = "<group>"; };
		85E276E612B10BF600ABEDF3 /* nativeuitestAppDelegate.mm */ = {isa = PBXFileReference; fileEncoding = 4; lastKnownFileType = sourcecode.cpp.objcpp; path = nativeuitestAppDelegate.mm; sourceTree = "<group>"; };
		8D1107310486CEB800E47090 /* nativeuitest-Info.plist */ = {isa = PBXFileReference; fileEncoding = 4; lastKnownFileType = text.plist.xml; path = "nativeuitest-Info.plist"; plistStructureDefinitionIdentifier = "com.apple.xcode.plist.structure-definition.iphone.info-plist"; sourceTree = "<group>"; };
/* End PBXFileReference section */

/* Begin PBXFrameworksBuildPhase section */
		1D60588F0D05DD3D006BFB54 /* Frameworks */ = {
			isa = PBXFrameworksBuildPhase;
			buildActionMask = 2147483647;
			files = (
				1D60589F0D05DD5A006BFB54 /* Foundation.framework in Frameworks */,
				1DF5F4E00D08C38300B7A737 /* UIKit.framework in Frameworks */,
				288765FD0DF74451002DB57D /* CoreGraphics.framework in Frameworks */,
			);
			runOnlyForDeploymentPostprocessing = 0;
		};
/* End PBXFrameworksBuildPhase section */

/* Begin PBXGroup section */
		080E96DDFE201D6D7F000001 /* Classes */ = {
			isa = PBXGroup;
			children = (
				85D26D0F12B7822F00FBA308 /* NSObjectExpanded.h */,
				85D26D1012B7822F00FBA308 /* NSObjectExpanded.m */,
				85E276E612B10BF600ABEDF3 /* nativeuitestAppDelegate.mm */,
				85E276E012B10B1000ABEDF3 /* MoSyncUISyscalls.mm */,
				857FB09E12A924CF0018C523 /* LayoutManagers */,
				8565795812A510A700A7D535 /* UIColor-Expanded.h */,
				8565795912A510A700A7D535 /* UIColor-Expanded.m */,
				8577516512A00BFE00F8BAA2 /* Widgets */,
				1D3623240D0F684500981E51 /* nativeuitestAppDelegate.h */,
				858A78B5129E9A50005EACA7 /* MoSyncTableView.h */,
				858A78B6129E9A50005EACA7 /* MoSyncTableView.m */,
				85774F15129FB70D00F8BAA2 /* MoSyncUI.h */,
				85774F16129FB70D00F8BAA2 /* MoSyncUI.mm */,
				85775036129FE39600F8BAA2 /* MoSyncUISyscalls.h */,
				8582679212A403EF0047D42D /* MoSyncTableViewCell.h */,
				8582679312A403EF0047D42D /* MoSyncTableViewCell.m */,
			);
			path = Classes;
			sourceTree = "<group>";
		};
		19C28FACFE9D520D11CA2CBB /* Products */ = {
			isa = PBXGroup;
			children = (
				1D6058910D05DD3D006BFB54 /* nativeuitest.app */,
			);
			name = Products;
			sourceTree = "<group>";
		};
		29B97314FDCFA39411CA2CEA /* CustomTemplate */ = {
			isa = PBXGroup;
			children = (
				080E96DDFE201D6D7F000001 /* Classes */,
				29B97315FDCFA39411CA2CEA /* Other Sources */,
				29B97317FDCFA39411CA2CEA /* Resources */,
				29B97323FDCFA39411CA2CEA /* Frameworks */,
				19C28FACFE9D520D11CA2CBB /* Products */,
			);
			name = CustomTemplate;
			sourceTree = "<group>";
		};
		29B97315FDCFA39411CA2CEA /* Other Sources */ = {
			isa = PBXGroup;
			children = (
				32CA4F630368D1EE00C91783 /* nativeuitest_Prefix.pch */,
				29B97316FDCFA39411CA2CEA /* main.m */,
			);
			name = "Other Sources";
			sourceTree = "<group>";
		};
		29B97317FDCFA39411CA2CEA /* Resources */ = {
			isa = PBXGroup;
			children = (
				8D1107310486CEB800E47090 /* nativeuitest-Info.plist */,
			);
			name = Resources;
			sourceTree = "<group>";
		};
		29B97323FDCFA39411CA2CEA /* Frameworks */ = {
			isa = PBXGroup;
			children = (
				1DF5F4DF0D08C38300B7A737 /* UIKit.framework */,
				1D30AB110D05D00D00671497 /* Foundation.framework */,
				288765FC0DF74451002DB57D /* CoreGraphics.framework */,
			);
			name = Frameworks;
			sourceTree = "<group>";
		};
		8577516512A00BFE00F8BAA2 /* Widgets */ = {
			isa = PBXGroup;
			children = (
				85D26E2812B7C90300FBA308 /* ListViewItemWidget.h */,
				85D26E2912B7C90300FBA308 /* ListViewItemWidget.mm */,
				85D26CEA12B7800500FBA308 /* ButtonWidget.mm */,
				85D26CEB12B7800500FBA308 /* HorizontalLayoutWidget.mm */,
				85D26CEE12B7800500FBA308 /* ListViewWidget.h */,
				85D26CEF12B7800500FBA308 /* ListViewWidget.mm */,
				85D26CF012B7800500FBA308 /* VerticalLayoutWidget.mm */,
				85D26CF112B7800500FBA308 /* WebViewWidget.h */,
				85D26CF212B7800500FBA308 /* WebViewWidget.mm */,
				8537500812AFC9AD0037C888 /* NavScreenWidget.h */,
				8537500912AFC9AD0037C888 /* NavScreenWidget.mm */,
				85374F5E12AFC05F0037C888 /* TabScreenWidget.h */,
				85374F5F12AFC05F0037C888 /* TabScreenWidget.mm */,
				85B7668512AE858B005CE2A6 /* ScreenWidgetController.h */,
				85B7668612AE858B005CE2A6 /* ScreenWidgetController.m */,
				85314FD912AD31CB00052736 /* ButtonWidget.h */,
				85314FDB12AD31CB00052736 /* HorizontalLayoutWidget.h */,
				85314FDD12AD31CB00052736 /* ImageWidget.h */,
				85314FDE12AD31CB00052736 /* ImageWidget.mm */,
				85314FDF12AD31CB00052736 /* IWidget.h */,
				85314FE012AD31CB00052736 /* IWidget.mm */,
				85314FE112AD31CB00052736 /* LabelWidget.h */,
				85314FE212AD31CB00052736 /* LabelWidget.mm */,
				85314FE312AD31CB00052736 /* ReflectionWidget.h */,
				85314FE412AD31CB00052736 /* ReflectionWidget.mm */,
				85314FE512AD31CB00052736 /* ScreenWidget.h */,
				85314FE612AD31CB00052736 /* ScreenWidget.mm */,
				85314FEB12AD31CB00052736 /* VerticalLayoutWidget.h */,
			);
			name = Widgets;
			sourceTree = "<group>";
		};
		857FB09E12A924CF0018C523 /* LayoutManagers */ = {
			isa = PBXGroup;
			children = (
				857FB09F12A924E10018C523 /* AbstractLayoutView.h */,
				857FB0A012A924E10018C523 /* AbstractLayoutView.m */,
				857FB0A112A924E10018C523 /* HLayoutView.h */,
				857FB0A212A924E10018C523 /* HLayoutView.m */,
				857FB0A312A924E10018C523 /* LayoutManagers.h */,
				857FB0A412A924E10018C523 /* VLayoutView.h */,
				857FB0A512A924E10018C523 /* VLayoutView.m */,
			);
			name = LayoutManagers;
			sourceTree = "<group>";
		};
/* End PBXGroup section */

/* Begin PBXNativeTarget section */
		1D6058900D05DD3D006BFB54 /* nativeuitest */ = {
			isa = PBXNativeTarget;
			buildConfigurationList = 1D6058960D05DD3E006BFB54 /* Build configuration list for PBXNativeTarget "nativeuitest" */;
			buildPhases = (
				1D60588D0D05DD3D006BFB54 /* Resources */,
				1D60588E0D05DD3D006BFB54 /* Sources */,
				1D60588F0D05DD3D006BFB54 /* Frameworks */,
			);
			buildRules = (
			);
			dependencies = (
			);
			name = nativeuitest;
			productName = nativeuitest;
			productReference = 1D6058910D05DD3D006BFB54 /* nativeuitest.app */;
			productType = "com.apple.product-type.application";
		};
/* End PBXNativeTarget section */

/* Begin PBXProject section */
		29B97313FDCFA39411CA2CEA /* Project object */ = {
			isa = PBXProject;
			buildConfigurationList = C01FCF4E08A954540054247B /* Build configuration list for PBXProject "nativeuitest" */;
			compatibilityVersion = "Xcode 3.1";
			developmentRegion = English;
			hasScannedForEncodings = 1;
			knownRegions = (
				English,
				Japanese,
				French,
				German,
			);
			mainGroup = 29B97314FDCFA39411CA2CEA /* CustomTemplate */;
			projectDirPath = "";
			projectRoot = "";
			targets = (
				1D6058900D05DD3D006BFB54 /* nativeuitest */,
			);
		};
/* End PBXProject section */

/* Begin PBXResourcesBuildPhase section */
		1D60588D0D05DD3D006BFB54 /* Resources */ = {
			isa = PBXResourcesBuildPhase;
			buildActionMask = 2147483647;
			files = (
			);
			runOnlyForDeploymentPostprocessing = 0;
		};
/* End PBXResourcesBuildPhase section */

/* Begin PBXSourcesBuildPhase section */
		1D60588E0D05DD3D006BFB54 /* Sources */ = {
			isa = PBXSourcesBuildPhase;
			buildActionMask = 2147483647;
			files = (
				1D60589B0D05DD56006BFB54 /* main.m in Sources */,
				858A78B7129E9A50005EACA7 /* MoSyncTableView.m in Sources */,
				85774F17129FB70D00F8BAA2 /* MoSyncUI.mm in Sources */,
				8582679412A403EF0047D42D /* MoSyncTableViewCell.m in Sources */,
				8565795A12A510A700A7D535 /* UIColor-Expanded.m in Sources */,
				857FB0A612A924E10018C523 /* AbstractLayoutView.m in Sources */,
				857FB0A712A924E10018C523 /* HLayoutView.m in Sources */,
				857FB0A812A924E10018C523 /* VLayoutView.m in Sources */,
				85314FEF12AD31CB00052736 /* ImageWidget.mm in Sources */,
				85314FF012AD31CB00052736 /* IWidget.mm in Sources */,
				85314FF112AD31CB00052736 /* LabelWidget.mm in Sources */,
				85314FF212AD31CB00052736 /* ReflectionWidget.mm in Sources */,
				85314FF312AD31CB00052736 /* ScreenWidget.mm in Sources */,
				85B7668712AE858B005CE2A6 /* ScreenWidgetController.m in Sources */,
				85374F6012AFC05F0037C888 /* TabScreenWidget.mm in Sources */,
				8537500A12AFC9AD0037C888 /* NavScreenWidget.mm in Sources */,
				85E276E112B10B1000ABEDF3 /* MoSyncUISyscalls.mm in Sources */,
				85E276E712B10BF600ABEDF3 /* nativeuitestAppDelegate.mm in Sources */,
				85D26CF312B7800500FBA308 /* ButtonWidget.mm in Sources */,
				85D26CF412B7800500FBA308 /* HorizontalLayoutWidget.mm in Sources */,
				85D26CF612B7800500FBA308 /* ListViewWidget.mm in Sources */,
				85D26CF712B7800500FBA308 /* VerticalLayoutWidget.mm in Sources */,
				85D26CF812B7800500FBA308 /* WebViewWidget.mm in Sources */,
				85D26D1112B7822F00FBA308 /* NSObjectExpanded.m in Sources */,
				85D26E2A12B7C90300FBA308 /* ListViewItemWidget.mm in Sources */,
			);
			runOnlyForDeploymentPostprocessing = 0;
		};
/* End PBXSourcesBuildPhase section */

/* Begin XCBuildConfiguration section */
		1D6058940D05DD3E006BFB54 /* Debug */ = {
			isa = XCBuildConfiguration;
			buildSettings = {
				ALWAYS_SEARCH_USER_PATHS = NO;
				COPY_PHASE_STRIP = NO;
				GCC_DYNAMIC_NO_PIC = NO;
				GCC_OPTIMIZATION_LEVEL = 0;
				GCC_PRECOMPILE_PREFIX_HEADER = YES;
				GCC_PREFIX_HEADER = nativeuitest_Prefix.pch;
				INFOPLIST_FILE = "nativeuitest-Info.plist";
				PRODUCT_NAME = nativeuitest;
			};
			name = Debug;
		};
		1D6058950D05DD3E006BFB54 /* Release */ = {
			isa = XCBuildConfiguration;
			buildSettings = {
				ALWAYS_SEARCH_USER_PATHS = NO;
				COPY_PHASE_STRIP = YES;
				GCC_PRECOMPILE_PREFIX_HEADER = YES;
				GCC_PREFIX_HEADER = nativeuitest_Prefix.pch;
				INFOPLIST_FILE = "nativeuitest-Info.plist";
				PRODUCT_NAME = nativeuitest;
				VALIDATE_PRODUCT = YES;
			};
			name = Release;
		};
		C01FCF4F08A954540054247B /* Debug */ = {
			isa = XCBuildConfiguration;
			buildSettings = {
				ARCHS = "$(ARCHS_STANDARD_32_BIT)";
				"CODE_SIGN_IDENTITY[sdk=iphoneos*]" = "iPhone Developer";
				GCC_C_LANGUAGE_STANDARD = c99;
				GCC_PREPROCESSOR_DEFINITIONS = NATIVE_TEST;
				GCC_WARN_ABOUT_RETURN_TYPE = YES;
				GCC_WARN_UNUSED_VARIABLE = YES;
				HEADER_SEARCH_PATHS = (
					../../../libs,
					../../../intlibs,
				);
				PREBINDING = NO;
				SDKROOT = iphoneos4.1;
			};
			name = Debug;
		};
		C01FCF5008A954540054247B /* Release */ = {
			isa = XCBuildConfiguration;
			buildSettings = {
				ARCHS = "$(ARCHS_STANDARD_32_BIT)";
				"CODE_SIGN_IDENTITY[sdk=iphoneos*]" = "iPhone Developer";
				GCC_C_LANGUAGE_STANDARD = c99;
				GCC_PREPROCESSOR_DEFINITIONS = NATIVE_TEST;
				GCC_WARN_ABOUT_RETURN_TYPE = YES;
				GCC_WARN_UNUSED_VARIABLE = YES;
				HEADER_SEARCH_PATHS = (
					../../../libs,
					../../../intlibs,
				);
				OTHER_CFLAGS = "-DNS_BLOCK_ASSERTIONS=1";
				PREBINDING = NO;
				SDKROOT = iphoneos4.1;
			};
			name = Release;
		};
/* End XCBuildConfiguration section */

/* Begin XCConfigurationList section */
		1D6058960D05DD3E006BFB54 /* Build configuration list for PBXNativeTarget "nativeuitest" */ = {
			isa = XCConfigurationList;
			buildConfigurations = (
				1D6058940D05DD3E006BFB54 /* Debug */,
				1D6058950D05DD3E006BFB54 /* Release */,
			);
			defaultConfigurationIsVisible = 0;
			defaultConfigurationName = Release;
		};
		C01FCF4E08A954540054247B /* Build configuration list for PBXProject "nativeuitest" */ = {
			isa = XCConfigurationList;
			buildConfigurations = (
				C01FCF4F08A954540054247B /* Debug */,
				C01FCF5008A954540054247B /* Release */,
			);
			defaultConfigurationIsVisible = 0;
			defaultConfigurationName = Release;
		};
/* End XCConfigurationList section */
	};
	rootObject = 29B97313FDCFA39411CA2CEA /* Project object */;
}
