<?xml version="1.0" encoding="utf-8"?>
<Project ToolsVersion="4.0" xmlns="http://schemas.microsoft.com/developer/msbuild/2003">
  <ItemGroup>
    <ClCompile Include="..\ByteArrayStream.cpp" />
    <ClCompile Include="..\rescomp.cpp" />
    <ClCompile Include="..\ResourceSetLookup.cpp" />
    <ClCompile Include="..\VariantResourceLookup.cpp" />
  </ItemGroup>
  <ItemGroup>
    <ClInclude Include="..\ByteArrayStream.h" />
    <ClInclude Include="..\rescomp.h" />
    <ClInclude Include="..\rescompdefines.h" />
    <ClInclude Include="..\ResCompiler.h" />
    <ClInclude Include="..\ResourceSetLookup.h" />
    <ClInclude Include="..\VariantResourceLookup.h" />
  </ItemGroup>
</Project>