
Microsoft Visual Studio Solution File, Format Version 12.00
# Visual Studio 2012
Project("{FAE04EC0-301F-11D3-BF4B-00C04F79EFBC}") = "mosyncLib", "mosync\mosyncLib\mosyncLib.csproj", "{7746202B-A479-49BE-8FF9-205EB13DDE07}"
EndProject
Project("{FAE04EC0-301F-11D3-BF4B-00C04F79EFBC}") = "mosyncLibContent", "mosync\mosyncLibContent\mosyncLibContent.contentproj", "{72B670A0-FBFB-4C10-A543-6D23E059E354}"
EndProject
Project("{FAE04EC0-301F-11D3-BF4B-00C04F79EFBC}") = "mosyncRuntime_WP8", "mosync\mosyncRuntime\mosyncRuntime_WP8.csproj", "{8318207D-3E1C-408B-8A4E-75E45B9F1E96}"
EndProject
Project("{8BC9CEB8-8B4A-11D0-8D11-00A0C91BC942}") = "MoSyncLibrary", "mosync\MoSyncLibrary\MoSyncLibrary.vcxproj", "{0C38E13D-28C7-4A22-899D-96BC215E5E46}"
EndProject
Project("{FAE04EC0-301F-11D3-BF4B-00C04F79EFBC}") = "mosync_WP8", "mosync\mosync_WP8\mosync_WP8.csproj", "{ECEC041C-1576-4084-A715-C5D57C9B266D}"
EndProject
Project("{2150E333-8FDC-42A3-9474-1A3956D46DE8}") = "Media", "Media", "{CD3645AA-E21B-4D2E-AB33-E1FEAD5AAF02}"
EndProject
Project("{FAE04EC0-301F-11D3-BF4B-00C04F79EFBC}") = "MediaParsers.Phone_WP8", "ManagedMediaHelpers\MediaParsers.Phone\MediaParsers.Phone_WP8.csproj", "{48BDE09B-2D1F-4728-A52D-3934D9CE87D4}"
EndProject
Project("{FAE04EC0-301F-11D3-BF4B-00C04F79EFBC}") = "Mp3MediaStreamSource.Phone_WP8", "ManagedMediaHelpers\Mp3MediaStreamSource.Phone\Mp3MediaStreamSource.Phone_WP8.csproj", "{F215B4D7-B079-4965-B330-2400AEF7993F}"
EndProject
Global
	GlobalSection(SolutionConfigurationPlatforms) = preSolution
		debug_lib_build|Any CPU = debug_lib_build|Any CPU
		debug_lib_build|ARM = debug_lib_build|ARM
		debug_lib_build|Mixed Platforms = debug_lib_build|Mixed Platforms
		debug_lib_build|Win32 = debug_lib_build|Win32
		debug_lib_build|Windows Phone = debug_lib_build|Windows Phone
		debug_lib_build|x86 = debug_lib_build|x86
		Debug|Any CPU = Debug|Any CPU
		Debug|ARM = Debug|ARM
		Debug|Mixed Platforms = Debug|Mixed Platforms
		Debug|Win32 = Debug|Win32
		Debug|Windows Phone = Debug|Windows Phone
		Debug|x86 = Debug|x86
		Release|Any CPU = Release|Any CPU
		Release|ARM = Release|ARM
		Release|Mixed Platforms = Release|Mixed Platforms
		Release|Win32 = Release|Win32
		Release|Windows Phone = Release|Windows Phone
		Release|x86 = Release|x86
	EndGlobalSection
	GlobalSection(ProjectConfigurationPlatforms) = postSolution
		{7746202B-A479-49BE-8FF9-205EB13DDE07}.debug_lib_build|Any CPU.ActiveCfg = Debug|Windows Phone
		{7746202B-A479-49BE-8FF9-205EB13DDE07}.debug_lib_build|ARM.ActiveCfg = Debug|Windows Phone
		{7746202B-A479-49BE-8FF9-205EB13DDE07}.debug_lib_build|Mixed Platforms.ActiveCfg = Debug|Windows Phone
		{7746202B-A479-49BE-8FF9-205EB13DDE07}.debug_lib_build|Mixed Platforms.Build.0 = Debug|Windows Phone
		{7746202B-A479-49BE-8FF9-205EB13DDE07}.debug_lib_build|Win32.ActiveCfg = Debug|Windows Phone
		{7746202B-A479-49BE-8FF9-205EB13DDE07}.debug_lib_build|Windows Phone.ActiveCfg = Debug|Windows Phone
		{7746202B-A479-49BE-8FF9-205EB13DDE07}.debug_lib_build|Windows Phone.Build.0 = Debug|Windows Phone
		{7746202B-A479-49BE-8FF9-205EB13DDE07}.debug_lib_build|x86.ActiveCfg = Debug|Windows Phone
		{7746202B-A479-49BE-8FF9-205EB13DDE07}.Debug|Any CPU.ActiveCfg = Debug|Windows Phone
		{7746202B-A479-49BE-8FF9-205EB13DDE07}.Debug|ARM.ActiveCfg = Debug|Windows Phone
		{7746202B-A479-49BE-8FF9-205EB13DDE07}.Debug|Mixed Platforms.ActiveCfg = Debug|Windows Phone
		{7746202B-A479-49BE-8FF9-205EB13DDE07}.Debug|Mixed Platforms.Build.0 = Debug|Windows Phone
		{7746202B-A479-49BE-8FF9-205EB13DDE07}.Debug|Win32.ActiveCfg = Debug|Windows Phone
		{7746202B-A479-49BE-8FF9-205EB13DDE07}.Debug|Windows Phone.ActiveCfg = Debug|Windows Phone
		{7746202B-A479-49BE-8FF9-205EB13DDE07}.Debug|Windows Phone.Build.0 = Debug|Windows Phone
		{7746202B-A479-49BE-8FF9-205EB13DDE07}.Debug|x86.ActiveCfg = Debug|Windows Phone
		{7746202B-A479-49BE-8FF9-205EB13DDE07}.Release|Any CPU.ActiveCfg = Release|Windows Phone
		{7746202B-A479-49BE-8FF9-205EB13DDE07}.Release|ARM.ActiveCfg = Release|Windows Phone
		{7746202B-A479-49BE-8FF9-205EB13DDE07}.Release|Mixed Platforms.ActiveCfg = Release|Windows Phone
		{7746202B-A479-49BE-8FF9-205EB13DDE07}.Release|Mixed Platforms.Build.0 = Release|Windows Phone
		{7746202B-A479-49BE-8FF9-205EB13DDE07}.Release|Win32.ActiveCfg = Release|Windows Phone
		{7746202B-A479-49BE-8FF9-205EB13DDE07}.Release|Windows Phone.ActiveCfg = Release|Windows Phone
		{7746202B-A479-49BE-8FF9-205EB13DDE07}.Release|Windows Phone.Build.0 = Release|Windows Phone
		{7746202B-A479-49BE-8FF9-205EB13DDE07}.Release|x86.ActiveCfg = Release|Windows Phone
		{72B670A0-FBFB-4C10-A543-6D23E059E354}.debug_lib_build|Any CPU.ActiveCfg = Debug|Any CPU
		{72B670A0-FBFB-4C10-A543-6D23E059E354}.debug_lib_build|ARM.ActiveCfg = Debug|Any CPU
		{72B670A0-FBFB-4C10-A543-6D23E059E354}.debug_lib_build|Mixed Platforms.ActiveCfg = Debug|Any CPU
		{72B670A0-FBFB-4C10-A543-6D23E059E354}.debug_lib_build|Win32.ActiveCfg = Debug|Any CPU
		{72B670A0-FBFB-4C10-A543-6D23E059E354}.debug_lib_build|Windows Phone.ActiveCfg = Debug|Any CPU
		{72B670A0-FBFB-4C10-A543-6D23E059E354}.debug_lib_build|x86.ActiveCfg = Debug|Any CPU
		{72B670A0-FBFB-4C10-A543-6D23E059E354}.Debug|Any CPU.ActiveCfg = Debug|Any CPU
		{72B670A0-FBFB-4C10-A543-6D23E059E354}.Debug|ARM.ActiveCfg = Debug|Any CPU
		{72B670A0-FBFB-4C10-A543-6D23E059E354}.Debug|Mixed Platforms.ActiveCfg = Debug|Any CPU
		{72B670A0-FBFB-4C10-A543-6D23E059E354}.Debug|Win32.ActiveCfg = Debug|Any CPU
		{72B670A0-FBFB-4C10-A543-6D23E059E354}.Debug|Windows Phone.ActiveCfg = Debug|Any CPU
		{72B670A0-FBFB-4C10-A543-6D23E059E354}.Debug|x86.ActiveCfg = Debug|Any CPU
		{72B670A0-FBFB-4C10-A543-6D23E059E354}.Release|Any CPU.ActiveCfg = Debug|Any CPU
		{72B670A0-FBFB-4C10-A543-6D23E059E354}.Release|ARM.ActiveCfg = Debug|Any CPU
		{72B670A0-FBFB-4C10-A543-6D23E059E354}.Release|Mixed Platforms.ActiveCfg = Debug|Any CPU
		{72B670A0-FBFB-4C10-A543-6D23E059E354}.Release|Win32.ActiveCfg = Debug|Any CPU
		{72B670A0-FBFB-4C10-A543-6D23E059E354}.Release|Windows Phone.ActiveCfg = Debug|Any CPU
		{72B670A0-FBFB-4C10-A543-6D23E059E354}.Release|x86.ActiveCfg = Debug|Any CPU
		{8318207D-3E1C-408B-8A4E-75E45B9F1E96}.debug_lib_build|Any CPU.ActiveCfg = debug_lib_build|x86
		{8318207D-3E1C-408B-8A4E-75E45B9F1E96}.debug_lib_build|ARM.ActiveCfg = debug_lib_build|ARM
		{8318207D-3E1C-408B-8A4E-75E45B9F1E96}.debug_lib_build|ARM.Build.0 = debug_lib_build|ARM
		{8318207D-3E1C-408B-8A4E-75E45B9F1E96}.debug_lib_build|Mixed Platforms.ActiveCfg = debug_lib_build|ARM
		{8318207D-3E1C-408B-8A4E-75E45B9F1E96}.debug_lib_build|Mixed Platforms.Build.0 = debug_lib_build|ARM
		{8318207D-3E1C-408B-8A4E-75E45B9F1E96}.debug_lib_build|Win32.ActiveCfg = debug_lib_build|x86
		{8318207D-3E1C-408B-8A4E-75E45B9F1E96}.debug_lib_build|Win32.Build.0 = debug_lib_build|x86
		{8318207D-3E1C-408B-8A4E-75E45B9F1E96}.debug_lib_build|Windows Phone.ActiveCfg = debug_lib_build|x86
		{8318207D-3E1C-408B-8A4E-75E45B9F1E96}.debug_lib_build|x86.ActiveCfg = debug_lib_build|x86
		{8318207D-3E1C-408B-8A4E-75E45B9F1E96}.debug_lib_build|x86.Build.0 = debug_lib_build|x86
		{8318207D-3E1C-408B-8A4E-75E45B9F1E96}.Debug|Any CPU.ActiveCfg = debug_lib_build|x86
		{8318207D-3E1C-408B-8A4E-75E45B9F1E96}.Debug|ARM.ActiveCfg = debug_lib_build|ARM
		{8318207D-3E1C-408B-8A4E-75E45B9F1E96}.Debug|ARM.Build.0 = debug_lib_build|ARM
		{8318207D-3E1C-408B-8A4E-75E45B9F1E96}.Debug|Mixed Platforms.ActiveCfg = debug_lib_build|x86
		{8318207D-3E1C-408B-8A4E-75E45B9F1E96}.Debug|Mixed Platforms.Build.0 = debug_lib_build|x86
		{8318207D-3E1C-408B-8A4E-75E45B9F1E96}.Debug|Win32.ActiveCfg = debug_lib_build|x86
		{8318207D-3E1C-408B-8A4E-75E45B9F1E96}.Debug|Win32.Build.0 = debug_lib_build|x86
		{8318207D-3E1C-408B-8A4E-75E45B9F1E96}.Debug|Windows Phone.ActiveCfg = debug_lib_build|x86
		{8318207D-3E1C-408B-8A4E-75E45B9F1E96}.Debug|x86.ActiveCfg = debug_lib_build|x86
		{8318207D-3E1C-408B-8A4E-75E45B9F1E96}.Debug|x86.Build.0 = debug_lib_build|x86
		{8318207D-3E1C-408B-8A4E-75E45B9F1E96}.Release|Any CPU.ActiveCfg = debug_lib_build|x86
		{8318207D-3E1C-408B-8A4E-75E45B9F1E96}.Release|ARM.ActiveCfg = debug_lib_build|ARM
		{8318207D-3E1C-408B-8A4E-75E45B9F1E96}.Release|ARM.Build.0 = debug_lib_build|ARM
		{8318207D-3E1C-408B-8A4E-75E45B9F1E96}.Release|Mixed Platforms.ActiveCfg = debug_lib_build|x86
		{8318207D-3E1C-408B-8A4E-75E45B9F1E96}.Release|Mixed Platforms.Build.0 = debug_lib_build|x86
		{8318207D-3E1C-408B-8A4E-75E45B9F1E96}.Release|Win32.ActiveCfg = debug_lib_build|x86
		{8318207D-3E1C-408B-8A4E-75E45B9F1E96}.Release|Win32.Build.0 = debug_lib_build|x86
		{8318207D-3E1C-408B-8A4E-75E45B9F1E96}.Release|Windows Phone.ActiveCfg = debug_lib_build|x86
		{8318207D-3E1C-408B-8A4E-75E45B9F1E96}.Release|x86.ActiveCfg = debug_lib_build|x86
		{8318207D-3E1C-408B-8A4E-75E45B9F1E96}.Release|x86.Build.0 = debug_lib_build|x86
		{0C38E13D-28C7-4A22-899D-96BC215E5E46}.debug_lib_build|Any CPU.ActiveCfg = debug_lib_build|ARM
		{0C38E13D-28C7-4A22-899D-96BC215E5E46}.debug_lib_build|ARM.ActiveCfg = debug_lib_build|ARM
		{0C38E13D-28C7-4A22-899D-96BC215E5E46}.debug_lib_build|ARM.Build.0 = debug_lib_build|ARM
		{0C38E13D-28C7-4A22-899D-96BC215E5E46}.debug_lib_build|Mixed Platforms.ActiveCfg = debug_lib_build|ARM
		{0C38E13D-28C7-4A22-899D-96BC215E5E46}.debug_lib_build|Mixed Platforms.Build.0 = debug_lib_build|ARM
		{0C38E13D-28C7-4A22-899D-96BC215E5E46}.debug_lib_build|Win32.ActiveCfg = debug_lib_build|ARM
		{0C38E13D-28C7-4A22-899D-96BC215E5E46}.debug_lib_build|Windows Phone.ActiveCfg = debug_lib_build|ARM
		{0C38E13D-28C7-4A22-899D-96BC215E5E46}.debug_lib_build|x86.ActiveCfg = debug_lib_build|ARM
		{0C38E13D-28C7-4A22-899D-96BC215E5E46}.Debug|Any CPU.ActiveCfg = debug_lib_build|ARM
		{0C38E13D-28C7-4A22-899D-96BC215E5E46}.Debug|ARM.ActiveCfg = debug_lib_build|ARM
		{0C38E13D-28C7-4A22-899D-96BC215E5E46}.Debug|ARM.Build.0 = debug_lib_build|ARM
		{0C38E13D-28C7-4A22-899D-96BC215E5E46}.Debug|Mixed Platforms.ActiveCfg = debug_lib_build|ARM
		{0C38E13D-28C7-4A22-899D-96BC215E5E46}.Debug|Mixed Platforms.Build.0 = debug_lib_build|ARM
		{0C38E13D-28C7-4A22-899D-96BC215E5E46}.Debug|Win32.ActiveCfg = debug_lib_build|ARM
		{0C38E13D-28C7-4A22-899D-96BC215E5E46}.Debug|Windows Phone.ActiveCfg = debug_lib_build|ARM
		{0C38E13D-28C7-4A22-899D-96BC215E5E46}.Debug|x86.ActiveCfg = debug_lib_build|ARM
		{0C38E13D-28C7-4A22-899D-96BC215E5E46}.Release|Any CPU.ActiveCfg = debug_lib_build|ARM
		{0C38E13D-28C7-4A22-899D-96BC215E5E46}.Release|ARM.ActiveCfg = debug_lib_build|ARM
		{0C38E13D-28C7-4A22-899D-96BC215E5E46}.Release|ARM.Build.0 = debug_lib_build|ARM
		{0C38E13D-28C7-4A22-899D-96BC215E5E46}.Release|Mixed Platforms.ActiveCfg = debug_lib_build|ARM
		{0C38E13D-28C7-4A22-899D-96BC215E5E46}.Release|Mixed Platforms.Build.0 = debug_lib_build|ARM
		{0C38E13D-28C7-4A22-899D-96BC215E5E46}.Release|Win32.ActiveCfg = debug_lib_build|ARM
		{0C38E13D-28C7-4A22-899D-96BC215E5E46}.Release|Windows Phone.ActiveCfg = debug_lib_build|ARM
		{0C38E13D-28C7-4A22-899D-96BC215E5E46}.Release|x86.ActiveCfg = debug_lib_build|ARM
		{ECEC041C-1576-4084-A715-C5D57C9B266D}.debug_lib_build|Any CPU.ActiveCfg = debug_lib_build|x86
		{ECEC041C-1576-4084-A715-C5D57C9B266D}.debug_lib_build|ARM.ActiveCfg = debug_lib_build|ARM
		{ECEC041C-1576-4084-A715-C5D57C9B266D}.debug_lib_build|ARM.Build.0 = debug_lib_build|ARM
		{ECEC041C-1576-4084-A715-C5D57C9B266D}.debug_lib_build|ARM.Deploy.0 = debug_lib_build|ARM
		{ECEC041C-1576-4084-A715-C5D57C9B266D}.debug_lib_build|Mixed Platforms.ActiveCfg = debug_lib_build|ARM
		{ECEC041C-1576-4084-A715-C5D57C9B266D}.debug_lib_build|Mixed Platforms.Build.0 = debug_lib_build|ARM
		{ECEC041C-1576-4084-A715-C5D57C9B266D}.debug_lib_build|Mixed Platforms.Deploy.0 = debug_lib_build|ARM
		{ECEC041C-1576-4084-A715-C5D57C9B266D}.debug_lib_build|Win32.ActiveCfg = debug_lib_build|x86
		{ECEC041C-1576-4084-A715-C5D57C9B266D}.debug_lib_build|Win32.Build.0 = debug_lib_build|x86
		{ECEC041C-1576-4084-A715-C5D57C9B266D}.debug_lib_build|Win32.Deploy.0 = debug_lib_build|x86
		{ECEC041C-1576-4084-A715-C5D57C9B266D}.debug_lib_build|Windows Phone.ActiveCfg = debug_lib_build|x86
		{ECEC041C-1576-4084-A715-C5D57C9B266D}.debug_lib_build|x86.ActiveCfg = debug_lib_build|x86
		{ECEC041C-1576-4084-A715-C5D57C9B266D}.debug_lib_build|x86.Build.0 = debug_lib_build|x86
		{ECEC041C-1576-4084-A715-C5D57C9B266D}.debug_lib_build|x86.Deploy.0 = debug_lib_build|x86
		{ECEC041C-1576-4084-A715-C5D57C9B266D}.Debug|Any CPU.ActiveCfg = debug_lib_build|x86
		{ECEC041C-1576-4084-A715-C5D57C9B266D}.Debug|ARM.ActiveCfg = debug_lib_build|ARM
		{ECEC041C-1576-4084-A715-C5D57C9B266D}.Debug|ARM.Build.0 = debug_lib_build|ARM
		{ECEC041C-1576-4084-A715-C5D57C9B266D}.Debug|ARM.Deploy.0 = debug_lib_build|ARM
		{ECEC041C-1576-4084-A715-C5D57C9B266D}.Debug|Mixed Platforms.ActiveCfg = debug_lib_build|x86
		{ECEC041C-1576-4084-A715-C5D57C9B266D}.Debug|Mixed Platforms.Build.0 = debug_lib_build|x86
		{ECEC041C-1576-4084-A715-C5D57C9B266D}.Debug|Mixed Platforms.Deploy.0 = debug_lib_build|x86
		{ECEC041C-1576-4084-A715-C5D57C9B266D}.Debug|Win32.ActiveCfg = debug_lib_build|x86
		{ECEC041C-1576-4084-A715-C5D57C9B266D}.Debug|Win32.Build.0 = debug_lib_build|x86
		{ECEC041C-1576-4084-A715-C5D57C9B266D}.Debug|Win32.Deploy.0 = debug_lib_build|x86
		{ECEC041C-1576-4084-A715-C5D57C9B266D}.Debug|Windows Phone.ActiveCfg = debug_lib_build|x86
		{ECEC041C-1576-4084-A715-C5D57C9B266D}.Debug|x86.ActiveCfg = debug_lib_build|x86
		{ECEC041C-1576-4084-A715-C5D57C9B266D}.Debug|x86.Build.0 = debug_lib_build|x86
		{ECEC041C-1576-4084-A715-C5D57C9B266D}.Debug|x86.Deploy.0 = debug_lib_build|x86
		{ECEC041C-1576-4084-A715-C5D57C9B266D}.Release|Any CPU.ActiveCfg = debug_lib_build|x86
		{ECEC041C-1576-4084-A715-C5D57C9B266D}.Release|ARM.ActiveCfg = debug_lib_build|ARM
		{ECEC041C-1576-4084-A715-C5D57C9B266D}.Release|ARM.Build.0 = debug_lib_build|ARM
		{ECEC041C-1576-4084-A715-C5D57C9B266D}.Release|ARM.Deploy.0 = debug_lib_build|ARM
		{ECEC041C-1576-4084-A715-C5D57C9B266D}.Release|Mixed Platforms.ActiveCfg = debug_lib_build|x86
		{ECEC041C-1576-4084-A715-C5D57C9B266D}.Release|Mixed Platforms.Build.0 = debug_lib_build|x86
		{ECEC041C-1576-4084-A715-C5D57C9B266D}.Release|Mixed Platforms.Deploy.0 = debug_lib_build|x86
		{ECEC041C-1576-4084-A715-C5D57C9B266D}.Release|Win32.ActiveCfg = debug_lib_build|x86
		{ECEC041C-1576-4084-A715-C5D57C9B266D}.Release|Win32.Build.0 = debug_lib_build|x86
		{ECEC041C-1576-4084-A715-C5D57C9B266D}.Release|Win32.Deploy.0 = debug_lib_build|x86
		{ECEC041C-1576-4084-A715-C5D57C9B266D}.Release|Windows Phone.ActiveCfg = debug_lib_build|x86
		{ECEC041C-1576-4084-A715-C5D57C9B266D}.Release|x86.ActiveCfg = debug_lib_build|x86
		{ECEC041C-1576-4084-A715-C5D57C9B266D}.Release|x86.Build.0 = debug_lib_build|x86
		{ECEC041C-1576-4084-A715-C5D57C9B266D}.Release|x86.Deploy.0 = debug_lib_build|x86
		{48BDE09B-2D1F-4728-A52D-3934D9CE87D4}.debug_lib_build|Any CPU.ActiveCfg = Debug|Any CPU
		{48BDE09B-2D1F-4728-A52D-3934D9CE87D4}.debug_lib_build|Any CPU.Build.0 = Debug|Any CPU
		{48BDE09B-2D1F-4728-A52D-3934D9CE87D4}.debug_lib_build|ARM.ActiveCfg = Debug|Any CPU
		{48BDE09B-2D1F-4728-A52D-3934D9CE87D4}.debug_lib_build|Mixed Platforms.ActiveCfg = debug_lib_build|Any CPU
		{48BDE09B-2D1F-4728-A52D-3934D9CE87D4}.debug_lib_build|Mixed Platforms.Build.0 = debug_lib_build|Any CPU
		{48BDE09B-2D1F-4728-A52D-3934D9CE87D4}.debug_lib_build|Win32.ActiveCfg = Debug|Any CPU
		{48BDE09B-2D1F-4728-A52D-3934D9CE87D4}.debug_lib_build|Windows Phone.ActiveCfg = Debug|Any CPU
		{48BDE09B-2D1F-4728-A52D-3934D9CE87D4}.debug_lib_build|x86.ActiveCfg = Debug|Any CPU
		{48BDE09B-2D1F-4728-A52D-3934D9CE87D4}.Debug|Any CPU.ActiveCfg = Debug|Any CPU
		{48BDE09B-2D1F-4728-A52D-3934D9CE87D4}.Debug|Any CPU.Build.0 = Debug|Any CPU
		{48BDE09B-2D1F-4728-A52D-3934D9CE87D4}.Debug|ARM.ActiveCfg = Debug|Any CPU
		{48BDE09B-2D1F-4728-A52D-3934D9CE87D4}.Debug|Mixed Platforms.ActiveCfg = Debug|Any CPU
		{48BDE09B-2D1F-4728-A52D-3934D9CE87D4}.Debug|Mixed Platforms.Build.0 = Debug|Any CPU
		{48BDE09B-2D1F-4728-A52D-3934D9CE87D4}.Debug|Win32.ActiveCfg = Debug|Any CPU
		{48BDE09B-2D1F-4728-A52D-3934D9CE87D4}.Debug|Windows Phone.ActiveCfg = Debug|Any CPU
		{48BDE09B-2D1F-4728-A52D-3934D9CE87D4}.Debug|x86.ActiveCfg = Debug|Any CPU
		{48BDE09B-2D1F-4728-A52D-3934D9CE87D4}.Release|Any CPU.ActiveCfg = Release|Any CPU
		{48BDE09B-2D1F-4728-A52D-3934D9CE87D4}.Release|Any CPU.Build.0 = Release|Any CPU
		{48BDE09B-2D1F-4728-A52D-3934D9CE87D4}.Release|ARM.ActiveCfg = Release|Any CPU
		{48BDE09B-2D1F-4728-A52D-3934D9CE87D4}.Release|Mixed Platforms.ActiveCfg = Release|Any CPU
		{48BDE09B-2D1F-4728-A52D-3934D9CE87D4}.Release|Mixed Platforms.Build.0 = Release|Any CPU
		{48BDE09B-2D1F-4728-A52D-3934D9CE87D4}.Release|Win32.ActiveCfg = Release|Any CPU
		{48BDE09B-2D1F-4728-A52D-3934D9CE87D4}.Release|Windows Phone.ActiveCfg = Release|Any CPU
		{48BDE09B-2D1F-4728-A52D-3934D9CE87D4}.Release|x86.ActiveCfg = Release|Any CPU
		{F215B4D7-B079-4965-B330-2400AEF7993F}.debug_lib_build|Any CPU.ActiveCfg = debug_lib_build|Any CPU
		{F215B4D7-B079-4965-B330-2400AEF7993F}.debug_lib_build|Any CPU.Build.0 = debug_lib_build|Any CPU
		{F215B4D7-B079-4965-B330-2400AEF7993F}.debug_lib_build|ARM.ActiveCfg = debug_lib_build|Any CPU
		{F215B4D7-B079-4965-B330-2400AEF7993F}.debug_lib_build|Mixed Platforms.ActiveCfg = debug_lib_build|Any CPU
		{F215B4D7-B079-4965-B330-2400AEF7993F}.debug_lib_build|Mixed Platforms.Build.0 = debug_lib_build|Any CPU
		{F215B4D7-B079-4965-B330-2400AEF7993F}.debug_lib_build|Win32.ActiveCfg = debug_lib_build|Any CPU
		{F215B4D7-B079-4965-B330-2400AEF7993F}.debug_lib_build|Windows Phone.ActiveCfg = debug_lib_build|Any CPU
		{F215B4D7-B079-4965-B330-2400AEF7993F}.debug_lib_build|x86.ActiveCfg = debug_lib_build|Any CPU
		{F215B4D7-B079-4965-B330-2400AEF7993F}.Debug|Any CPU.ActiveCfg = debug_lib_build|Any CPU
		{F215B4D7-B079-4965-B330-2400AEF7993F}.Debug|Any CPU.Build.0 = debug_lib_build|Any CPU
		{F215B4D7-B079-4965-B330-2400AEF7993F}.Debug|ARM.ActiveCfg = debug_lib_build|Any CPU
		{F215B4D7-B079-4965-B330-2400AEF7993F}.Debug|Mixed Platforms.ActiveCfg = debug_lib_build|Any CPU
		{F215B4D7-B079-4965-B330-2400AEF7993F}.Debug|Mixed Platforms.Build.0 = debug_lib_build|Any CPU
		{F215B4D7-B079-4965-B330-2400AEF7993F}.Debug|Win32.ActiveCfg = debug_lib_build|Any CPU
		{F215B4D7-B079-4965-B330-2400AEF7993F}.Debug|Windows Phone.ActiveCfg = debug_lib_build|Any CPU
		{F215B4D7-B079-4965-B330-2400AEF7993F}.Debug|x86.ActiveCfg = debug_lib_build|Any CPU
		{F215B4D7-B079-4965-B330-2400AEF7993F}.Release|Any CPU.ActiveCfg = debug_lib_build|Any CPU
		{F215B4D7-B079-4965-B330-2400AEF7993F}.Release|Any CPU.Build.0 = debug_lib_build|Any CPU
		{F215B4D7-B079-4965-B330-2400AEF7993F}.Release|ARM.ActiveCfg = debug_lib_build|Any CPU
		{F215B4D7-B079-4965-B330-2400AEF7993F}.Release|Mixed Platforms.ActiveCfg = debug_lib_build|Any CPU
		{F215B4D7-B079-4965-B330-2400AEF7993F}.Release|Mixed Platforms.Build.0 = debug_lib_build|Any CPU
		{F215B4D7-B079-4965-B330-2400AEF7993F}.Release|Win32.ActiveCfg = debug_lib_build|Any CPU
		{F215B4D7-B079-4965-B330-2400AEF7993F}.Release|Windows Phone.ActiveCfg = debug_lib_build|Any CPU
		{F215B4D7-B079-4965-B330-2400AEF7993F}.Release|x86.ActiveCfg = debug_lib_build|Any CPU
	EndGlobalSection
	GlobalSection(SolutionProperties) = preSolution
		HideSolutionNode = FALSE
	EndGlobalSection
	GlobalSection(NestedProjects) = preSolution
		{48BDE09B-2D1F-4728-A52D-3934D9CE87D4} = {CD3645AA-E21B-4D2E-AB33-E1FEAD5AAF02}
		{F215B4D7-B079-4965-B330-2400AEF7993F} = {CD3645AA-E21B-4D2E-AB33-E1FEAD5AAF02}
	EndGlobalSection
EndGlobal
