<?xml version="1.0" encoding="utf-8"?>
<Project ToolsVersion="4.0" xmlns="http://schemas.microsoft.com/developer/msbuild/2003">
  <ItemGroup>
    <Filter Include="include">
      <UniqueIdentifier>{3b5021a7-7bec-4b00-9e2a-180743efac3c}</UniqueIdentifier>
    </Filter>
    <Filter Include="src">
      <UniqueIdentifier>{2b8a28af-9721-4248-b4c2-092e0a651a2c}</UniqueIdentifier>
    </Filter>
  </ItemGroup>
  <ItemGroup>
    <ClInclude Include="..\include\instendian.h">
      <Filter>include</Filter>
    </ClInclude>
    <ClInclude Include="..\include\instform.h">
      <Filter>include</Filter>
    </ClInclude>
    <ClInclude Include="..\src\crc.h">
      <Filter>src</Filter>
    </ClInclude>
    <ClInclude Include="..\src\crtsis.h">
      <Filter>src</Filter>
    </ClInclude>
    <ClInclude Include="..\src\makesis.h">
      <Filter>src</Filter>
    </ClInclude>
    <ClInclude Include="..\src\parsecmd.h">
      <Filter>src</Filter>
    </ClInclude>
    <ClInclude Include="..\src\parsepkg.h">
      <Filter>src</Filter>
    </ClInclude>
    <ClInclude Include="..\src\signutils.h">
      <Filter>src</Filter>
    </ClInclude>
    <ClInclude Include="..\src\sisfield.h">
      <Filter>src</Filter>
    </ClInclude>
    <ClInclude Include="..\src\sisfilegen.h">
      <Filter>src</Filter>
    </ClInclude>
    <ClInclude Include="..\src\utf8.h">
      <Filter>src</Filter>
    </ClInclude>
    <ClInclude Include="..\src\utils.h">
      <Filter>src</Filter>
    </ClInclude>
    <ClInclude Include="getopt.h" />
  </ItemGroup>
  <ItemGroup>
    <ClCompile Include="..\src\crc.c">
      <Filter>src</Filter>
    </ClCompile>
    <ClCompile Include="..\src\crtsis.cpp">
      <Filter>src</Filter>
    </ClCompile>
    <ClCompile Include="..\src\makesis.cpp">
      <Filter>src</Filter>
    </ClCompile>
    <ClCompile Include="..\src\parsecmd.cpp">
      <Filter>src</Filter>
    </ClCompile>
    <ClCompile Include="..\src\parsepkg.cpp">
      <Filter>src</Filter>
    </ClCompile>
    <ClCompile Include="..\src\signutils.cpp">
      <Filter>src</Filter>
    </ClCompile>
    <ClCompile Include="..\src\sisfield.cpp">
      <Filter>src</Filter>
    </ClCompile>
    <ClCompile Include="..\src\sisfilegen.cpp">
      <Filter>src</Filter>
    </ClCompile>
    <ClCompile Include="..\src\utf8.cpp">
      <Filter>src</Filter>
    </ClCompile>
    <ClCompile Include="..\src\utils.cpp">
      <Filter>src</Filter>
    </ClCompile>
    <ClCompile Include="getopt.c" />
  </ItemGroup>
</Project>